
Microsoft Visual Studio Solution File, Format Version 12.00
# Visual Studio 15
VisualStudioVersion = 15.0.27428.2002
MinimumVisualStudioVersion = 10.0.40219.1
Project("{FAE04EC0-301F-11D3-BF4B-00C04F79EFBC}") = "AngelicaArchiveManager", "AngelicaArchiveManager\AngelicaArchiveManager.csproj", "{E138086B-6668-4205-BD2E-6D510C722496}"
EndProject
Global
	GlobalSection(SolutionConfigurationPlatforms) = preSolution
		Debug|Any CPU = Debug|Any CPU
		Release|Any CPU = Release|Any CPU
	EndGlobalSection
	GlobalSection(ProjectConfigurationPlatforms) = postSolution
		{E138086B-6668-4205-BD2E-6D510C722496}.Debug|Any CPU.ActiveCfg = Debug|Any CPU
		{E138086B-6668-4205-BD2E-6D510C722496}.Debug|Any CPU.Build.0 = Debug|Any CPU
		{E138086B-6668-4205-BD2E-6D510C722496}.Release|Any CPU.ActiveCfg = Release|Any CPU
		{E138086B-6668-4205-BD2E-6D510C722496}.Release|Any CPU.Build.0 = Release|Any CPU
	EndGlobalSection
	GlobalSection(SolutionProperties) = preSolution
		HideSolutionNode = FALSE
	EndGlobalSection
	GlobalSection(ExtensibilityGlobals) = postSolution
		SolutionGuid = {2BDD6888-1E10-4A08-B3C7-CA312F332733}
	EndGlobalSection
EndGlobal
